
Microsoft Visual Studio Solution File, Format Version 12.00
# Visual Studio 15
Project("{FAE04EC0-301F-11D3-BF4B-00C04F79EFBC}") = "Assembly-CSharp", "Assembly-CSharp.csproj", "{541878D0-FAE3-0893-CF93-A18D90F169CE}"
EndProject
Global
	GlobalSection(SolutionConfigurationPlatforms) = preSolution
		Debug|Any CPU = Debug|Any CPU
		Release|Any CPU = Release|Any CPU
	EndGlobalSection
	GlobalSection(ProjectConfigurationPlatforms) = postSolution
		{541878D0-FAE3-0893-CF93-A18D90F169CE}.Debug|Any CPU.ActiveCfg = Debug|Any CPU
		{541878D0-FAE3-0893-CF93-A18D90F169CE}.Debug|Any CPU.Build.0 = Debug|Any CPU
		{541878D0-FAE3-0893-CF93-A18D90F169CE}.Release|Any CPU.ActiveCfg = Release|Any CPU
		{541878D0-FAE3-0893-CF93-A18D90F169CE}.Release|Any CPU.Build.0 = Release|Any CPU
	EndGlobalSection
	GlobalSection(SolutionProperties) = preSolution
		HideSolutionNode = FALSE
	EndGlobalSection
EndGlobal
